
Microsoft Visual Studio Solution File, Format Version 12.00
# Visual Studio 15
VisualStudioVersion = 15.0.26124.0
MinimumVisualStudioVersion = 15.0.26124.0
Project("{FAE04EC0-301F-11D3-BF4B-00C04F79EFBC}") = "NugetConsumerApi", "NugetConsumerApi\NugetConsumerApi.csproj", "{D60CFEDD-86C3-47DB-82F9-A0DF19D0E701}"
EndProject
Project("{2150E333-8FDC-42A3-9474-1A3956D46DE8}") = "Actions", "Actions", "{D113A870-F1D9-4A57-AA1D-89752638F9DB}"
ProjectSection(SolutionItems) = preProject
	.github\workflows\docker.yml = .github\workflows\docker.yml
EndProjectSection
EndProject
Project("{2150E333-8FDC-42A3-9474-1A3956D46DE8}") = "Container", "Container", "{9F105CB5-AE3F-4F84-A178-A7F10C2591D7}"
ProjectSection(SolutionItems) = preProject
	Dockerfile = Dockerfile
	nuget.config = nuget.config
EndProjectSection
EndProject
Global
	GlobalSection(SolutionConfigurationPlatforms) = preSolution
		Debug|Any CPU = Debug|Any CPU
		Debug|x64 = Debug|x64
		Debug|x86 = Debug|x86
		Release|Any CPU = Release|Any CPU
		Release|x64 = Release|x64
		Release|x86 = Release|x86
	EndGlobalSection
	GlobalSection(SolutionProperties) = preSolution
		HideSolutionNode = FALSE
	EndGlobalSection
	GlobalSection(ProjectConfigurationPlatforms) = postSolution
		{D60CFEDD-86C3-47DB-82F9-A0DF19D0E701}.Debug|Any CPU.ActiveCfg = Debug|Any CPU
		{D60CFEDD-86C3-47DB-82F9-A0DF19D0E701}.Debug|Any CPU.Build.0 = Debug|Any CPU
		{D60CFEDD-86C3-47DB-82F9-A0DF19D0E701}.Debug|x64.ActiveCfg = Debug|Any CPU
		{D60CFEDD-86C3-47DB-82F9-A0DF19D0E701}.Debug|x64.Build.0 = Debug|Any CPU
		{D60CFEDD-86C3-47DB-82F9-A0DF19D0E701}.Debug|x86.ActiveCfg = Debug|Any CPU
		{D60CFEDD-86C3-47DB-82F9-A0DF19D0E701}.Debug|x86.Build.0 = Debug|Any CPU
		{D60CFEDD-86C3-47DB-82F9-A0DF19D0E701}.Release|Any CPU.ActiveCfg = Release|Any CPU
		{D60CFEDD-86C3-47DB-82F9-A0DF19D0E701}.Release|Any CPU.Build.0 = Release|Any CPU
		{D60CFEDD-86C3-47DB-82F9-A0DF19D0E701}.Release|x64.ActiveCfg = Release|Any CPU
		{D60CFEDD-86C3-47DB-82F9-A0DF19D0E701}.Release|x64.Build.0 = Release|Any CPU
		{D60CFEDD-86C3-47DB-82F9-A0DF19D0E701}.Release|x86.ActiveCfg = Release|Any CPU
		{D60CFEDD-86C3-47DB-82F9-A0DF19D0E701}.Release|x86.Build.0 = Release|Any CPU
	EndGlobalSection
EndGlobal
